
Microsoft Visual Studio Solution File, Format Version 12.00
# Visual Studio Version 17
VisualStudioVersion = 17.9.34607.119
MinimumVisualStudioVersion = 10.0.40219.1
Project("{FAE04EC0-301F-11D3-BF4B-00C04F79EFBC}") = "NLayer.Core", "NLayer.Core\NLayer.Core.csproj", "{88A8627C-95A7-4314-B49F-930A58CDE36A}"
EndProject
Project("{FAE04EC0-301F-11D3-BF4B-00C04F79EFBC}") = "NLayer.Repository", "NLayer.Repository\NLayer.Repository.csproj", "{A826F487-D949-4203-BA9E-B67482F7E2FD}"
EndProject
Project("{FAE04EC0-301F-11D3-BF4B-00C04F79EFBC}") = "NLayer.Service", "NLayer.Service\NLayer.Service.csproj", "{D8FEF2D4-947B-4422-A48C-4B193990BE25}"
EndProject
Project("{FAE04EC0-301F-11D3-BF4B-00C04F79EFBC}") = "NLayer.MVC", "NLayer.MVC\NLayer.MVC.csproj", "{7573D1ED-B190-4BF0-B5EE-B6C243957A41}"
EndProject
Project("{FAE04EC0-301F-11D3-BF4B-00C04F79EFBC}") = "NLayer.API", "NLayer.API\NLayer.API.csproj", "{B41D7D84-648A-4C74-AD31-5C8A4F0F1176}"
EndProject
Global
	GlobalSection(SolutionConfigurationPlatforms) = preSolution
		Debug|Any CPU = Debug|Any CPU
		Release|Any CPU = Release|Any CPU
	EndGlobalSection
	GlobalSection(ProjectConfigurationPlatforms) = postSolution
		{88A8627C-95A7-4314-B49F-930A58CDE36A}.Debug|Any CPU.ActiveCfg = Debug|Any CPU
		{88A8627C-95A7-4314-B49F-930A58CDE36A}.Debug|Any CPU.Build.0 = Debug|Any CPU
		{88A8627C-95A7-4314-B49F-930A58CDE36A}.Release|Any CPU.ActiveCfg = Release|Any CPU
		{88A8627C-95A7-4314-B49F-930A58CDE36A}.Release|Any CPU.Build.0 = Release|Any CPU
		{A826F487-D949-4203-BA9E-B67482F7E2FD}.Debug|Any CPU.ActiveCfg = Debug|Any CPU
		{A826F487-D949-4203-BA9E-B67482F7E2FD}.Debug|Any CPU.Build.0 = Debug|Any CPU
		{A826F487-D949-4203-BA9E-B67482F7E2FD}.Release|Any CPU.ActiveCfg = Release|Any CPU
		{A826F487-D949-4203-BA9E-B67482F7E2FD}.Release|Any CPU.Build.0 = Release|Any CPU
		{D8FEF2D4-947B-4422-A48C-4B193990BE25}.Debug|Any CPU.ActiveCfg = Debug|Any CPU
		{D8FEF2D4-947B-4422-A48C-4B193990BE25}.Debug|Any CPU.Build.0 = Debug|Any CPU
		{D8FEF2D4-947B-4422-A48C-4B193990BE25}.Release|Any CPU.ActiveCfg = Release|Any CPU
		{D8FEF2D4-947B-4422-A48C-4B193990BE25}.Release|Any CPU.Build.0 = Release|Any CPU
		{7573D1ED-B190-4BF0-B5EE-B6C243957A41}.Debug|Any CPU.ActiveCfg = Debug|Any CPU
		{7573D1ED-B190-4BF0-B5EE-B6C243957A41}.Debug|Any CPU.Build.0 = Debug|Any CPU
		{7573D1ED-B190-4BF0-B5EE-B6C243957A41}.Release|Any CPU.ActiveCfg = Release|Any CPU
		{7573D1ED-B190-4BF0-B5EE-B6C243957A41}.Release|Any CPU.Build.0 = Release|Any CPU
		{B41D7D84-648A-4C74-AD31-5C8A4F0F1176}.Debug|Any CPU.ActiveCfg = Debug|Any CPU
		{B41D7D84-648A-4C74-AD31-5C8A4F0F1176}.Debug|Any CPU.Build.0 = Debug|Any CPU
		{B41D7D84-648A-4C74-AD31-5C8A4F0F1176}.Release|Any CPU.ActiveCfg = Release|Any CPU
		{B41D7D84-648A-4C74-AD31-5C8A4F0F1176}.Release|Any CPU.Build.0 = Release|Any CPU
	EndGlobalSection
	GlobalSection(SolutionProperties) = preSolution
		HideSolutionNode = FALSE
	EndGlobalSection
	GlobalSection(ExtensibilityGlobals) = postSolution
		SolutionGuid = {71B5FA57-5BED-4725-806C-D2B44C7BAC93}
	EndGlobalSection
EndGlobal
